
Microsoft Visual Studio Solution File, Format Version 12.00
# Visual Studio Version 16
VisualStudioVersion = 16.0.31727.386
MinimumVisualStudioVersion = 10.0.40219.1
Project("{2150E333-8FDC-42A3-9474-1A3956D46DE8}") = "01_Presentation", "01_Presentation", "{5FD2E445-4576-45C2-9E26-F5793034DA8A}"
EndProject
Project("{2150E333-8FDC-42A3-9474-1A3956D46DE8}") = "02_Application", "02_Application", "{004F4496-77C5-4B30-B4A5-4C20F8E2A79F}"
EndProject
Project("{2150E333-8FDC-42A3-9474-1A3956D46DE8}") = "03_Domain", "03_Domain", "{DDDE81C8-4225-412C-B522-739C53FCB6C1}"
EndProject
Project("{2150E333-8FDC-42A3-9474-1A3956D46DE8}") = "04_Infra", "04_Infra", "{88D320EF-13CC-471E-AC01-F9E2030AC60A}"
EndProject
Project("{9A19103F-16F7-4668-BE54-9A1E7A4F7556}") = "Cadastro.Domain", "src\Cadastro.Domain\Cadastro.Domain.csproj", "{47536644-5F3D-411B-95D6-D19406744AE4}"
EndProject
Project("{9A19103F-16F7-4668-BE54-9A1E7A4F7556}") = "Cadastro.Application", "src\Cadastro.Application\Cadastro.Application.csproj", "{70416622-97B3-4B62-B434-EBCC1AC01B57}"
EndProject
Project("{2150E333-8FDC-42A3-9474-1A3956D46DE8}") = "04.01_Data", "04.01_Data", "{BB9B1944-5375-48B7-8297-F263EF9CFE4B}"
EndProject
Project("{9A19103F-16F7-4668-BE54-9A1E7A4F7556}") = "Cadastro.Infra.Data", "src\Cadastro.Infra.Data\Cadastro.Infra.Data.csproj", "{0682FC84-D5B4-455F-9F41-8BAAB0FA0293}"
EndProject
Project("{FAE04EC0-301F-11D3-BF4B-00C04F79EFBC}") = "Cadastro.Web", "src\Cadastro.Web\Cadastro.Web.csproj", "{7ED680C7-59D4-4EEA-9A6C-74108E9B999F}"
EndProject
Project("{2150E333-8FDC-42A3-9474-1A3956D46DE8}") = "04.02_IoC", "04.02_IoC", "{C1F60A62-9F6C-4535-B0BC-EEB9FE201608}"
EndProject
Project("{9A19103F-16F7-4668-BE54-9A1E7A4F7556}") = "Cadastro.Infra.IoC", "src\Cadastro.Infra.IoC\Cadastro.Infra.IoC.csproj", "{311F543C-3762-4091-8E91-57982D3B0BBC}"
EndProject
Global
	GlobalSection(SolutionConfigurationPlatforms) = preSolution
		Debug|Any CPU = Debug|Any CPU
		Release|Any CPU = Release|Any CPU
	EndGlobalSection
	GlobalSection(ProjectConfigurationPlatforms) = postSolution
		{47536644-5F3D-411B-95D6-D19406744AE4}.Debug|Any CPU.ActiveCfg = Debug|Any CPU
		{47536644-5F3D-411B-95D6-D19406744AE4}.Debug|Any CPU.Build.0 = Debug|Any CPU
		{47536644-5F3D-411B-95D6-D19406744AE4}.Release|Any CPU.ActiveCfg = Release|Any CPU
		{47536644-5F3D-411B-95D6-D19406744AE4}.Release|Any CPU.Build.0 = Release|Any CPU
		{70416622-97B3-4B62-B434-EBCC1AC01B57}.Debug|Any CPU.ActiveCfg = Debug|Any CPU
		{70416622-97B3-4B62-B434-EBCC1AC01B57}.Debug|Any CPU.Build.0 = Debug|Any CPU
		{70416622-97B3-4B62-B434-EBCC1AC01B57}.Release|Any CPU.ActiveCfg = Release|Any CPU
		{70416622-97B3-4B62-B434-EBCC1AC01B57}.Release|Any CPU.Build.0 = Release|Any CPU
		{0682FC84-D5B4-455F-9F41-8BAAB0FA0293}.Debug|Any CPU.ActiveCfg = Debug|Any CPU
		{0682FC84-D5B4-455F-9F41-8BAAB0FA0293}.Debug|Any CPU.Build.0 = Debug|Any CPU
		{0682FC84-D5B4-455F-9F41-8BAAB0FA0293}.Release|Any CPU.ActiveCfg = Release|Any CPU
		{0682FC84-D5B4-455F-9F41-8BAAB0FA0293}.Release|Any CPU.Build.0 = Release|Any CPU
		{7ED680C7-59D4-4EEA-9A6C-74108E9B999F}.Debug|Any CPU.ActiveCfg = Debug|Any CPU
		{7ED680C7-59D4-4EEA-9A6C-74108E9B999F}.Debug|Any CPU.Build.0 = Debug|Any CPU
		{7ED680C7-59D4-4EEA-9A6C-74108E9B999F}.Release|Any CPU.ActiveCfg = Release|Any CPU
		{7ED680C7-59D4-4EEA-9A6C-74108E9B999F}.Release|Any CPU.Build.0 = Release|Any CPU
		{311F543C-3762-4091-8E91-57982D3B0BBC}.Debug|Any CPU.ActiveCfg = Debug|Any CPU
		{311F543C-3762-4091-8E91-57982D3B0BBC}.Debug|Any CPU.Build.0 = Debug|Any CPU
		{311F543C-3762-4091-8E91-57982D3B0BBC}.Release|Any CPU.ActiveCfg = Release|Any CPU
		{311F543C-3762-4091-8E91-57982D3B0BBC}.Release|Any CPU.Build.0 = Release|Any CPU
	EndGlobalSection
	GlobalSection(SolutionProperties) = preSolution
		HideSolutionNode = FALSE
	EndGlobalSection
	GlobalSection(NestedProjects) = preSolution
		{47536644-5F3D-411B-95D6-D19406744AE4} = {DDDE81C8-4225-412C-B522-739C53FCB6C1}
		{70416622-97B3-4B62-B434-EBCC1AC01B57} = {004F4496-77C5-4B30-B4A5-4C20F8E2A79F}
		{BB9B1944-5375-48B7-8297-F263EF9CFE4B} = {88D320EF-13CC-471E-AC01-F9E2030AC60A}
		{0682FC84-D5B4-455F-9F41-8BAAB0FA0293} = {BB9B1944-5375-48B7-8297-F263EF9CFE4B}
		{7ED680C7-59D4-4EEA-9A6C-74108E9B999F} = {5FD2E445-4576-45C2-9E26-F5793034DA8A}
		{C1F60A62-9F6C-4535-B0BC-EEB9FE201608} = {88D320EF-13CC-471E-AC01-F9E2030AC60A}
		{311F543C-3762-4091-8E91-57982D3B0BBC} = {C1F60A62-9F6C-4535-B0BC-EEB9FE201608}
	EndGlobalSection
	GlobalSection(ExtensibilityGlobals) = postSolution
		SolutionGuid = {68484D85-BCD8-4F74-B058-88B9FAA6A04B}
	EndGlobalSection
EndGlobal
